// !$*UTF8*$!
{
	archiveVersion = 1;
	classes = {
	};
	objectVersion = 46;
	objects = {

/* Begin PBXBuildFile section */
		040F10271E3798460016C666 /* CircleCounterView.swift in Sources */ = {isa = PBXBuildFile; fileRef = 040F10261E3798460016C666 /* CircleCounterView.swift */; };
		04BFEB9B1E27D0C80020F4B6 /* AppDelegate.swift in Sources */ = {isa = PBXBuildFile; fileRef = 04BFEB9A1E27D0C80020F4B6 /* AppDelegate.swift */; };
		04BFEBA01E27D0C80020F4B6 /* Main.storyboard in Resources */ = {isa = PBXBuildFile; fileRef = 04BFEB9E1E27D0C80020F4B6 /* Main.storyboard */; };
		04BFEBA21E27D0C80020F4B6 /* Assets.xcassets in Resources */ = {isa = PBXBuildFile; fileRef = 04BFEBA11E27D0C80020F4B6 /* Assets.xcassets */; };
		04BFEBA51E27D0C80020F4B6 /* LaunchScreen.storyboard in Resources */ = {isa = PBXBuildFile; fileRef = 04BFEBA31E27D0C80020F4B6 /* LaunchScreen.storyboard */; };
		04BFEBE31E27D6AD0020F4B6 /* LibSimpleDeadlines.framework in Frameworks */ = {isa = PBXBuildFile; fileRef = 04BFEBE21E27D6AD0020F4B6 /* LibSimpleDeadlines.framework */; };
		04BFEBE41E27D6AD0020F4B6 /* LibSimpleDeadlines.framework in Embed Frameworks */ = {isa = PBXBuildFile; fileRef = 04BFEBE21E27D6AD0020F4B6 /* LibSimpleDeadlines.framework */; settings = {ATTRIBUTES = (CodeSignOnCopy, RemoveHeadersOnCopy, ); }; };
		04BFEC021E27E26A0020F4B6 /* TasksTableViewController.swift in Sources */ = {isa = PBXBuildFile; fileRef = 04BFEC011E27E26A0020F4B6 /* TasksTableViewController.swift */; };
		04BFEC051E27E4E40020F4B6 /* CoreData.framework in Frameworks */ = {isa = PBXBuildFile; fileRef = 04BFEC041E27E4E40020F4B6 /* CoreData.framework */; };
		04BFEC071E27ED870020F4B6 /* TaskDetailsViewController.swift in Sources */ = {isa = PBXBuildFile; fileRef = 04BFEC061E27ED870020F4B6 /* TaskDetailsViewController.swift */; };
		04CC73451E36643100813281 /* TaskTableViewCell.swift in Sources */ = {isa = PBXBuildFile; fileRef = 04CC73441E36643100813281 /* TaskTableViewCell.swift */; };
/* End PBXBuildFile section */

/* Begin PBXCopyFilesBuildPhase section */
		04BFEBC61E27D1720020F4B6 /* Embed Frameworks */ = {
			isa = PBXCopyFilesBuildPhase;
			buildActionMask = 2147483647;
			dstPath = "";
			dstSubfolderSpec = 10;
			files = (
				04BFEBE41E27D6AD0020F4B6 /* LibSimpleDeadlines.framework in Embed Frameworks */,
			);
			name = "Embed Frameworks";
			runOnlyForDeploymentPostprocessing = 0;
		};
/* End PBXCopyFilesBuildPhase section */

/* Begin PBXFileReference section */
		040F10261E3798460016C666 /* CircleCounterView.swift */ = {isa = PBXFileReference; fileEncoding = 4; lastKnownFileType = sourcecode.swift; path = CircleCounterView.swift; sourceTree = "<group>"; };
		04BFEB971E27D0C80020F4B6 /* Simple Deadlines.app */ = {isa = PBXFileReference; explicitFileType = wrapper.application; includeInIndex = 0; path = "Simple Deadlines.app"; sourceTree = BUILT_PRODUCTS_DIR; };
		04BFEB9A1E27D0C80020F4B6 /* AppDelegate.swift */ = {isa = PBXFileReference; lastKnownFileType = sourcecode.swift; path = AppDelegate.swift; sourceTree = "<group>"; };
		04BFEB9F1E27D0C80020F4B6 /* Base */ = {isa = PBXFileReference; lastKnownFileType = file.storyboard; name = Base; path = Base.lproj/Main.storyboard; sourceTree = "<group>"; };
		04BFEBA11E27D0C80020F4B6 /* Assets.xcassets */ = {isa = PBXFileReference; lastKnownFileType = folder.assetcatalog; path = Assets.xcassets; sourceTree = "<group>"; };
		04BFEBA41E27D0C80020F4B6 /* Base */ = {isa = PBXFileReference; lastKnownFileType = file.storyboard; name = Base; path = Base.lproj/LaunchScreen.storyboard; sourceTree = "<group>"; };
		04BFEBA61E27D0C80020F4B6 /* Info.plist */ = {isa = PBXFileReference; lastKnownFileType = text.plist.xml; path = Info.plist; sourceTree = "<group>"; };
		04BFEBE21E27D6AD0020F4B6 /* LibSimpleDeadlines.framework */ = {isa = PBXFileReference; explicitFileType = wrapper.framework; path = LibSimpleDeadlines.framework; sourceTree = BUILT_PRODUCTS_DIR; };
		04BFEC011E27E26A0020F4B6 /* TasksTableViewController.swift */ = {isa = PBXFileReference; fileEncoding = 4; lastKnownFileType = sourcecode.swift; path = TasksTableViewController.swift; sourceTree = "<group>"; };
		04BFEC041E27E4E40020F4B6 /* CoreData.framework */ = {isa = PBXFileReference; lastKnownFileType = wrapper.framework; name = CoreData.framework; path = System/Library/Frameworks/CoreData.framework; sourceTree = SDKROOT; };
		04BFEC061E27ED870020F4B6 /* TaskDetailsViewController.swift */ = {isa = PBXFileReference; fileEncoding = 4; lastKnownFileType = sourcecode.swift; path = TaskDetailsViewController.swift; sourceTree = "<group>"; };
		04CC73441E36643100813281 /* TaskTableViewCell.swift */ = {isa = PBXFileReference; fileEncoding = 4; lastKnownFileType = sourcecode.swift; path = TaskTableViewCell.swift; sourceTree = "<group>"; };
/* End PBXFileReference section */

/* Begin PBXFrameworksBuildPhase section */
		04BFEB941E27D0C80020F4B6 /* Frameworks */ = {
			isa = PBXFrameworksBuildPhase;
			buildActionMask = 2147483647;
			files = (
				04BFEC051E27E4E40020F4B6 /* CoreData.framework in Frameworks */,
				04BFEBE31E27D6AD0020F4B6 /* LibSimpleDeadlines.framework in Frameworks */,
			);
			runOnlyForDeploymentPostprocessing = 0;
		};
/* End PBXFrameworksBuildPhase section */

/* Begin PBXGroup section */
		04BFEB8E1E27D0C80020F4B6 = {
			isa = PBXGroup;
			children = (
				04BFEBE21E27D6AD0020F4B6 /* LibSimpleDeadlines.framework */,
				04BFEB991E27D0C80020F4B6 /* Simple Deadlines */,
				04BFEB981E27D0C80020F4B6 /* Products */,
				04BFEC031E27E4E40020F4B6 /* Frameworks */,
			);
			sourceTree = "<group>";
		};
		04BFEB981E27D0C80020F4B6 /* Products */ = {
			isa = PBXGroup;
			children = (
				04BFEB971E27D0C80020F4B6 /* Simple Deadlines.app */,
			);
			name = Products;
			sourceTree = "<group>";
		};
		04BFEB991E27D0C80020F4B6 /* Simple Deadlines */ = {
			isa = PBXGroup;
			children = (
				04BFEB9A1E27D0C80020F4B6 /* AppDelegate.swift */,
				04BFEB9E1E27D0C80020F4B6 /* Main.storyboard */,
				04BFEBA11E27D0C80020F4B6 /* Assets.xcassets */,
				04BFEBA31E27D0C80020F4B6 /* LaunchScreen.storyboard */,
				04BFEBA61E27D0C80020F4B6 /* Info.plist */,
				04BFEC011E27E26A0020F4B6 /* TasksTableViewController.swift */,
				04BFEC061E27ED870020F4B6 /* TaskDetailsViewController.swift */,
				04CC73441E36643100813281 /* TaskTableViewCell.swift */,
				040F10261E3798460016C666 /* CircleCounterView.swift */,
			);
			path = "Simple Deadlines";
			sourceTree = "<group>";
		};
		04BFEC031E27E4E40020F4B6 /* Frameworks */ = {
			isa = PBXGroup;
			children = (
				04BFEC041E27E4E40020F4B6 /* CoreData.framework */,
			);
			name = Frameworks;
			sourceTree = "<group>";
		};
/* End PBXGroup section */

/* Begin PBXNativeTarget section */
		04BFEB961E27D0C80020F4B6 /* Simple Deadlines */ = {
			isa = PBXNativeTarget;
			buildConfigurationList = 04BFEBA91E27D0C80020F4B6 /* Build configuration list for PBXNativeTarget "Simple Deadlines" */;
			buildPhases = (
				04BFEB931E27D0C80020F4B6 /* Sources */,
				04BFEB941E27D0C80020F4B6 /* Frameworks */,
				04BFEB951E27D0C80020F4B6 /* Resources */,
				04BFEBC61E27D1720020F4B6 /* Embed Frameworks */,
			);
			buildRules = (
			);
			dependencies = (
			);
			name = "Simple Deadlines";
			productName = "Simple Deadlines";
			productReference = 04BFEB971E27D0C80020F4B6 /* Simple Deadlines.app */;
			productType = "com.apple.product-type.application";
		};
/* End PBXNativeTarget section */

/* Begin PBXProject section */
		04BFEB8F1E27D0C80020F4B6 /* Project object */ = {
			isa = PBXProject;
			attributes = {
				LastSwiftUpdateCheck = 0820;
				LastUpgradeCheck = 0820;
				ORGANIZATIONNAME = "Edric MILARET";
				TargetAttributes = {
					04BFEB961E27D0C80020F4B6 = {
						CreatedOnToolsVersion = 8.2.1;
						DevelopmentTeam = Y7US3C769A;
						ProvisioningStyle = Automatic;
					};
				};
			};
			buildConfigurationList = 04BFEB921E27D0C80020F4B6 /* Build configuration list for PBXProject "Simple Deadlines" */;
			compatibilityVersion = "Xcode 3.2";
			developmentRegion = English;
			hasScannedForEncodings = 0;
			knownRegions = (
				en,
				Base,
			);
			mainGroup = 04BFEB8E1E27D0C80020F4B6;
			productRefGroup = 04BFEB981E27D0C80020F4B6 /* Products */;
			projectDirPath = "";
			projectRoot = "";
			targets = (
				04BFEB961E27D0C80020F4B6 /* Simple Deadlines */,
			);
		};
/* End PBXProject section */

/* Begin PBXResourcesBuildPhase section */
		04BFEB951E27D0C80020F4B6 /* Resources */ = {
			isa = PBXResourcesBuildPhase;
			buildActionMask = 2147483647;
			files = (
				04BFEBA51E27D0C80020F4B6 /* LaunchScreen.storyboard in Resources */,
				04BFEBA21E27D0C80020F4B6 /* Assets.xcassets in Resources */,
				04BFEBA01E27D0C80020F4B6 /* Main.storyboard in Resources */,
			);
			runOnlyForDeploymentPostprocessing = 0;
		};
/* End PBXResourcesBuildPhase section */

/* Begin PBXSourcesBuildPhase section */
		04BFEB931E27D0C80020F4B6 /* Sources */ = {
			isa = PBXSourcesBuildPhase;
			buildActionMask = 2147483647;
			files = (
				040F10271E3798460016C666 /* CircleCounterView.swift in Sources */,
				04CC73451E36643100813281 /* TaskTableViewCell.swift in Sources */,
				04BFEC021E27E26A0020F4B6 /* TasksTableViewController.swift in Sources */,
				04BFEC071E27ED870020F4B6 /* TaskDetailsViewController.swift in Sources */,
				04BFEB9B1E27D0C80020F4B6 /* AppDelegate.swift in Sources */,
			);
			runOnlyForDeploymentPostprocessing = 0;
		};
/* End PBXSourcesBuildPhase section */

/* Begin PBXVariantGroup section */
		04BFEB9E1E27D0C80020F4B6 /* Main.storyboard */ = {
			isa = PBXVariantGroup;
			children = (
				04BFEB9F1E27D0C80020F4B6 /* Base */,
			);
			name = Main.storyboard;
			sourceTree = "<group>";
		};
		04BFEBA31E27D0C80020F4B6 /* LaunchScreen.storyboard */ = {
			isa = PBXVariantGroup;
			children = (
				04BFEBA41E27D0C80020F4B6 /* Base */,
			);
			name = LaunchScreen.storyboard;
			sourceTree = "<group>";
		};
/* End PBXVariantGroup section */

/* Begin XCBuildConfiguration section */
		04BFEBA71E27D0C80020F4B6 /* Debug */ = {
			isa = XCBuildConfiguration;
			buildSettings = {
				ALWAYS_SEARCH_USER_PATHS = NO;
				CLANG_ANALYZER_NONNULL = YES;
				CLANG_CXX_LANGUAGE_STANDARD = "gnu++0x";
				CLANG_CXX_LIBRARY = "libc++";
				CLANG_ENABLE_MODULES = YES;
				CLANG_ENABLE_OBJC_ARC = YES;
				CLANG_WARN_BOOL_CONVERSION = YES;
				CLANG_WARN_CONSTANT_CONVERSION = YES;
				CLANG_WARN_DIRECT_OBJC_ISA_USAGE = YES_ERROR;
				CLANG_WARN_DOCUMENTATION_COMMENTS = YES;
				CLANG_WARN_EMPTY_BODY = YES;
				CLANG_WARN_ENUM_CONVERSION = YES;
				CLANG_WARN_INFINITE_RECURSION = YES;
				CLANG_WARN_INT_CONVERSION = YES;
				CLANG_WARN_OBJC_ROOT_CLASS = YES_ERROR;
				CLANG_WARN_SUSPICIOUS_MOVE = YES;
				CLANG_WARN_UNREACHABLE_CODE = YES;
				CLANG_WARN__DUPLICATE_METHOD_MATCH = YES;
				"CODE_SIGN_IDENTITY[sdk=iphoneos*]" = "iPhone Developer";
				COPY_PHASE_STRIP = NO;
				DEBUG_INFORMATION_FORMAT = dwarf;
				ENABLE_STRICT_OBJC_MSGSEND = YES;
				ENABLE_TESTABILITY = YES;
				GCC_C_LANGUAGE_STANDARD = gnu99;
				GCC_DYNAMIC_NO_PIC = NO;
				GCC_NO_COMMON_BLOCKS = YES;
				GCC_OPTIMIZATION_LEVEL = 0;
				GCC_PREPROCESSOR_DEFINITIONS = (
					"DEBUG=1",
					"$(inherited)",
				);
				GCC_WARN_64_TO_32_BIT_CONVERSION = YES;
				GCC_WARN_ABOUT_RETURN_TYPE = YES_ERROR;
				GCC_WARN_UNDECLARED_SELECTOR = YES;
				GCC_WARN_UNINITIALIZED_AUTOS = YES_AGGRESSIVE;
				GCC_WARN_UNUSED_FUNCTION = YES;
				GCC_WARN_UNUSED_VARIABLE = YES;
				IPHONEOS_DEPLOYMENT_TARGET = 10.2;
				MTL_ENABLE_DEBUG_INFO = YES;
				ONLY_ACTIVE_ARCH = YES;
				SDKROOT = iphoneos;
				SWIFT_ACTIVE_COMPILATION_CONDITIONS = DEBUG;
				SWIFT_OPTIMIZATION_LEVEL = "-Onone";
				TARGETED_DEVICE_FAMILY = "1,2";
			};
			name = Debug;
		};
		04BFEBA81E27D0C80020F4B6 /* Release */ = {
			isa = XCBuildConfiguration;
			buildSettings = {
				ALWAYS_SEARCH_USER_PATHS = NO;
				CLANG_ANALYZER_NONNULL = YES;
				CLANG_CXX_LANGUAGE_STANDARD = "gnu++0x";
				CLANG_CXX_LIBRARY = "libc++";
				CLANG_ENABLE_MODULES = YES;
				CLANG_ENABLE_OBJC_ARC = YES;
				CLANG_WARN_BOOL_CONVERSION = YES;
				CLANG_WARN_CONSTANT_CONVERSION = YES;
				CLANG_WARN_DIRECT_OBJC_ISA_USAGE = YES_ERROR;
				CLANG_WARN_DOCUMENTATION_COMMENTS = YES;
				CLANG_WARN_EMPTY_BODY = YES;
				CLANG_WARN_ENUM_CONVERSION = YES;
				CLANG_WARN_INFINITE_RECURSION = YES;
				CLANG_WARN_INT_CONVERSION = YES;
				CLANG_WARN_OBJC_ROOT_CLASS = YES_ERROR;
				CLANG_WARN_SUSPICIOUS_MOVE = YES;
				CLANG_WARN_UNREACHABLE_CODE = YES;
				CLANG_WARN__DUPLICATE_METHOD_MATCH = YES;
				"CODE_SIGN_IDENTITY[sdk=iphoneos*]" = "iPhone Developer";
				COPY_PHASE_STRIP = NO;
				DEBUG_INFORMATION_FORMAT = "dwarf-with-dsym";
				ENABLE_NS_ASSERTIONS = NO;
				ENABLE_STRICT_OBJC_MSGSEND = YES;
				GCC_C_LANGUAGE_STANDARD = gnu99;
				GCC_NO_COMMON_BLOCKS = YES;
				GCC_WARN_64_TO_32_BIT_CONVERSION = YES;
				GCC_WARN_ABOUT_RETURN_TYPE = YES_ERROR;
				GCC_WARN_UNDECLARED_SELECTOR = YES;
				GCC_WARN_UNINITIALIZED_AUTOS = YES_AGGRESSIVE;
				GCC_WARN_UNUSED_FUNCTION = YES;
				GCC_WARN_UNUSED_VARIABLE = YES;
				IPHONEOS_DEPLOYMENT_TARGET = 10.2;
				MTL_ENABLE_DEBUG_INFO = NO;
				SDKROOT = iphoneos;
				SWIFT_OPTIMIZATION_LEVEL = "-Owholemodule";
				TARGETED_DEVICE_FAMILY = "1,2";
				VALIDATE_PRODUCT = YES;
			};
			name = Release;
		};
		04BFEBAA1E27D0C80020F4B6 /* Debug */ = {
			isa = XCBuildConfiguration;
			buildSettings = {
				ASSETCATALOG_COMPILER_APPICON_NAME = AppIcon;
				DEVELOPMENT_TEAM = Y7US3C769A;
				INFOPLIST_FILE = "Simple Deadlines/Info.plist";
				LD_RUNPATH_SEARCH_PATHS = "$(inherited) @executable_path/Frameworks";
				PRODUCT_BUNDLE_IDENTIFIER = "org.auroralab.Simple-Deadlines";
				PRODUCT_NAME = "$(TARGET_NAME)";
				SWIFT_VERSION = 3.0;
			};
			name = Debug;
		};
		04BFEBAB1E27D0C80020F4B6 /* Release */ = {
			isa = XCBuildConfiguration;
			buildSettings = {
				ASSETCATALOG_COMPILER_APPICON_NAME = AppIcon;
				DEVELOPMENT_TEAM = Y7US3C769A;
				INFOPLIST_FILE = "Simple Deadlines/Info.plist";
				LD_RUNPATH_SEARCH_PATHS = "$(inherited) @executable_path/Frameworks";
				PRODUCT_BUNDLE_IDENTIFIER = "org.auroralab.Simple-Deadlines";
				PRODUCT_NAME = "$(TARGET_NAME)";
				SWIFT_VERSION = 3.0;
			};
			name = Release;
		};
/* End XCBuildConfiguration section */

/* Begin XCConfigurationList section */
		04BFEB921E27D0C80020F4B6 /* Build configuration list for PBXProject "Simple Deadlines" */ = {
			isa = XCConfigurationList;
			buildConfigurations = (
				04BFEBA71E27D0C80020F4B6 /* Debug */,
				04BFEBA81E27D0C80020F4B6 /* Release */,
			);
			defaultConfigurationIsVisible = 0;
			defaultConfigurationName = Release;
		};
		04BFEBA91E27D0C80020F4B6 /* Build configuration list for PBXNativeTarget "Simple Deadlines" */ = {
			isa = XCConfigurationList;
			buildConfigurations = (
				04BFEBAA1E27D0C80020F4B6 /* Debug */,
				04BFEBAB1E27D0C80020F4B6 /* Release */,
			);
			defaultConfigurationIsVisible = 0;
			defaultConfigurationName = Release;
		};
/* End XCConfigurationList section */
	};
	rootObject = 04BFEB8F1E27D0C80020F4B6 /* Project object */;
}
